
Microsoft Visual Studio Solution File, Format Version 12.00
# Visual Studio Version 17
VisualStudioVersion = 17.5.33502.453
MinimumVisualStudioVersion = 10.0.40219.1
Project("{FAE04EC0-301F-11D3-BF4B-00C04F79EFBC}") = "BasicZipper", "BasicZipper\BasicZipper.csproj", "{DA1CCFD3-BA1D-42C4-95CF-E5FCA56AD60D}"
EndProject
Global
	GlobalSection(SolutionConfigurationPlatforms) = preSolution
		Debug|Any CPU = Debug|Any CPU
		Debug|x64 = Debug|x64
		Release|Any CPU = Release|Any CPU
		Release|x64 = Release|x64
	EndGlobalSection
	GlobalSection(ProjectConfigurationPlatforms) = postSolution
		{DA1CCFD3-BA1D-42C4-95CF-E5FCA56AD60D}.Debug|Any CPU.ActiveCfg = Debug|Any CPU
		{DA1CCFD3-BA1D-42C4-95CF-E5FCA56AD60D}.Debug|Any CPU.Build.0 = Debug|Any CPU
		{DA1CCFD3-BA1D-42C4-95CF-E5FCA56AD60D}.Debug|x64.ActiveCfg = Debug|x64
		{DA1CCFD3-BA1D-42C4-95CF-E5FCA56AD60D}.Debug|x64.Build.0 = Debug|x64
		{DA1CCFD3-BA1D-42C4-95CF-E5FCA56AD60D}.Release|Any CPU.ActiveCfg = Release|Any CPU
		{DA1CCFD3-BA1D-42C4-95CF-E5FCA56AD60D}.Release|Any CPU.Build.0 = Release|Any CPU
		{DA1CCFD3-BA1D-42C4-95CF-E5FCA56AD60D}.Release|x64.ActiveCfg = Release|x64
		{DA1CCFD3-BA1D-42C4-95CF-E5FCA56AD60D}.Release|x64.Build.0 = Release|x64
	EndGlobalSection
	GlobalSection(SolutionProperties) = preSolution
		HideSolutionNode = FALSE
	EndGlobalSection
	GlobalSection(ExtensibilityGlobals) = postSolution
		SolutionGuid = {E8ACC419-C85F-43CA-B847-0CFD02CAD1FA}
	EndGlobalSection
EndGlobal
