
Microsoft Visual Studio Solution File, Format Version 12.00
# Visual Studio Version 17
VisualStudioVersion = 17.5.33502.453
MinimumVisualStudioVersion = 10.0.40219.1
Project("{FAE04EC0-301F-11D3-BF4B-00C04F79EFBC}") = "psHell", "psHell\psHell.csproj", "{BE0DB847-6E46-4174-B439-5CE5166AFE53}"
EndProject
Global
	GlobalSection(SolutionConfigurationPlatforms) = preSolution
		Debug|Any CPU = Debug|Any CPU
		Release|Any CPU = Release|Any CPU
	EndGlobalSection
	GlobalSection(ProjectConfigurationPlatforms) = postSolution
		{BE0DB847-6E46-4174-B439-5CE5166AFE53}.Debug|Any CPU.ActiveCfg = Debug|Any CPU
		{BE0DB847-6E46-4174-B439-5CE5166AFE53}.Debug|Any CPU.Build.0 = Debug|Any CPU
		{BE0DB847-6E46-4174-B439-5CE5166AFE53}.Release|Any CPU.ActiveCfg = Release|Any CPU
		{BE0DB847-6E46-4174-B439-5CE5166AFE53}.Release|Any CPU.Build.0 = Release|Any CPU
	EndGlobalSection
	GlobalSection(SolutionProperties) = preSolution
		HideSolutionNode = FALSE
	EndGlobalSection
	GlobalSection(ExtensibilityGlobals) = postSolution
		SolutionGuid = {5DFE195A-DD4A-43F9-B01C-6AF60FE11BE1}
	EndGlobalSection
EndGlobal
