
Microsoft Visual Studio Solution File, Format Version 12.00
# Visual Studio Version 17
VisualStudioVersion = 17.5.33502.453
MinimumVisualStudioVersion = 10.0.40219.1
Project("{FAE04EC0-301F-11D3-BF4B-00C04F79EFBC}") = "PowerPull", "PowerPull\PowerPull.csproj", "{F824FB9D-B9AE-4C54-9F24-AE05B268027F}"
EndProject
Global
	GlobalSection(SolutionConfigurationPlatforms) = preSolution
		Debug|Any CPU = Debug|Any CPU
		Debug|x64 = Debug|x64
		Release|Any CPU = Release|Any CPU
		Release|x64 = Release|x64
	EndGlobalSection
	GlobalSection(ProjectConfigurationPlatforms) = postSolution
		{F824FB9D-B9AE-4C54-9F24-AE05B268027F}.Debug|Any CPU.ActiveCfg = Debug|Any CPU
		{F824FB9D-B9AE-4C54-9F24-AE05B268027F}.Debug|Any CPU.Build.0 = Debug|Any CPU
		{F824FB9D-B9AE-4C54-9F24-AE05B268027F}.Debug|x64.ActiveCfg = Debug|x64
		{F824FB9D-B9AE-4C54-9F24-AE05B268027F}.Debug|x64.Build.0 = Debug|x64
		{F824FB9D-B9AE-4C54-9F24-AE05B268027F}.Release|Any CPU.ActiveCfg = Release|Any CPU
		{F824FB9D-B9AE-4C54-9F24-AE05B268027F}.Release|Any CPU.Build.0 = Release|Any CPU
		{F824FB9D-B9AE-4C54-9F24-AE05B268027F}.Release|x64.ActiveCfg = Release|x64
		{F824FB9D-B9AE-4C54-9F24-AE05B268027F}.Release|x64.Build.0 = Release|x64
	EndGlobalSection
	GlobalSection(SolutionProperties) = preSolution
		HideSolutionNode = FALSE
	EndGlobalSection
	GlobalSection(ExtensibilityGlobals) = postSolution
		SolutionGuid = {102B3FAD-D5CD-4403-B2F3-F1F0D076EFEB}
	EndGlobalSection
EndGlobal
