
Microsoft Visual Studio Solution File, Format Version 12.00
# Visual Studio Version 17
VisualStudioVersion = 17.5.33502.453
MinimumVisualStudioVersion = 10.0.40219.1
Project("{FAE04EC0-301F-11D3-BF4B-00C04F79EFBC}") = "ProcessInjector", "ProcessInjector\ProcessInjector.csproj", "{250C8929-3987-4631-B151-54C52C8FF697}"
EndProject
Global
	GlobalSection(SolutionConfigurationPlatforms) = preSolution
		Debug|Any CPU = Debug|Any CPU
		Debug|x64 = Debug|x64
		Release|Any CPU = Release|Any CPU
		Release|x64 = Release|x64
	EndGlobalSection
	GlobalSection(ProjectConfigurationPlatforms) = postSolution
		{250C8929-3987-4631-B151-54C52C8FF697}.Debug|Any CPU.ActiveCfg = Debug|Any CPU
		{250C8929-3987-4631-B151-54C52C8FF697}.Debug|Any CPU.Build.0 = Debug|Any CPU
		{250C8929-3987-4631-B151-54C52C8FF697}.Debug|x64.ActiveCfg = Debug|x64
		{250C8929-3987-4631-B151-54C52C8FF697}.Debug|x64.Build.0 = Debug|x64
		{250C8929-3987-4631-B151-54C52C8FF697}.Release|Any CPU.ActiveCfg = Release|Any CPU
		{250C8929-3987-4631-B151-54C52C8FF697}.Release|Any CPU.Build.0 = Release|Any CPU
		{250C8929-3987-4631-B151-54C52C8FF697}.Release|x64.ActiveCfg = Release|x64
		{250C8929-3987-4631-B151-54C52C8FF697}.Release|x64.Build.0 = Release|x64
	EndGlobalSection
	GlobalSection(SolutionProperties) = preSolution
		HideSolutionNode = FALSE
	EndGlobalSection
	GlobalSection(ExtensibilityGlobals) = postSolution
		SolutionGuid = {14EA223C-693B-4C1C-B361-2B50E3C2CE39}
	EndGlobalSection
EndGlobal
