
Microsoft Visual Studio Solution File, Format Version 12.00
# Visual Studio Version 17
VisualStudioVersion = 17.5.33502.453
MinimumVisualStudioVersion = 10.0.40219.1
Project("{FAE04EC0-301F-11D3-BF4B-00C04F79EFBC}") = "ProcessInjector", "ProcessInjector\ProcessInjector.csproj", "{9B1D961E-6F48-481E-BC25-7A2D9DD8363D}"
EndProject
Global
	GlobalSection(SolutionConfigurationPlatforms) = preSolution
		Debug|Any CPU = Debug|Any CPU
		Debug|x64 = Debug|x64
		Release|Any CPU = Release|Any CPU
		Release|x64 = Release|x64
	EndGlobalSection
	GlobalSection(ProjectConfigurationPlatforms) = postSolution
		{9B1D961E-6F48-481E-BC25-7A2D9DD8363D}.Debug|Any CPU.ActiveCfg = Debug|Any CPU
		{9B1D961E-6F48-481E-BC25-7A2D9DD8363D}.Debug|Any CPU.Build.0 = Debug|Any CPU
		{9B1D961E-6F48-481E-BC25-7A2D9DD8363D}.Debug|x64.ActiveCfg = Debug|x64
		{9B1D961E-6F48-481E-BC25-7A2D9DD8363D}.Debug|x64.Build.0 = Debug|x64
		{9B1D961E-6F48-481E-BC25-7A2D9DD8363D}.Release|Any CPU.ActiveCfg = Release|Any CPU
		{9B1D961E-6F48-481E-BC25-7A2D9DD8363D}.Release|Any CPU.Build.0 = Release|Any CPU
		{9B1D961E-6F48-481E-BC25-7A2D9DD8363D}.Release|x64.ActiveCfg = Release|x64
		{9B1D961E-6F48-481E-BC25-7A2D9DD8363D}.Release|x64.Build.0 = Release|x64
	EndGlobalSection
	GlobalSection(SolutionProperties) = preSolution
		HideSolutionNode = FALSE
	EndGlobalSection
	GlobalSection(ExtensibilityGlobals) = postSolution
		SolutionGuid = {0CB36425-6835-4BC8-8FB2-84495AEDC581}
	EndGlobalSection
EndGlobal
